langcode: pt-br
status: true
dependencies:
  module:
    - node
    - rsvp_form
  theme:
    - bartik
id: rsvpblock
theme: bartik
region: content
weight: 0
provider: null
plugin: rsvpblock
settings:
  id: rsvpblock
  label: Reservation
  provider: rsvp_form
  label_display: visible
visibility:
  node_type:
    id: node_type
    bundles:
      event: event
    negate: false
    context_mapping:
      node: '@node.node_route_context:node'
